
Microsoft Visual Studio Solution File, Format Version 12.00
# Visual Studio 2012
Project("{D954291E-2A0B-460D-934E-DC6B0785DB48}") = "BulterPL", "BulterPL\BulterPL.shproj", "{BA498564-75E9-467E-BE67-393650E1E76B}"
EndProject
Project("{FAE04EC0-301F-11D3-BF4B-00C04F79EFBC}") = "BulterPL.iOS", "iOS\BulterPL.iOS.csproj", "{B6C7697D-DBCE-48CB-8524-9F0A22783EC6}"
EndProject
Project("{FAE04EC0-301F-11D3-BF4B-00C04F79EFBC}") = "BulterPL.Droid", "Droid\BulterPL.Droid.csproj", "{63153B59-F53B-4C2E-B811-A40618166475}"
EndProject
Global
	GlobalSection(SolutionConfigurationPlatforms) = preSolution
		Debug|iPhoneSimulator = Debug|iPhoneSimulator
		Release|iPhone = Release|iPhone
		Release|iPhoneSimulator = Release|iPhoneSimulator
		Debug|iPhone = Debug|iPhone
		Debug|Any CPU = Debug|Any CPU
		Release|Any CPU = Release|Any CPU
	EndGlobalSection
	GlobalSection(ProjectConfigurationPlatforms) = postSolution
		{B6C7697D-DBCE-48CB-8524-9F0A22783EC6}.Debug|iPhoneSimulator.ActiveCfg = Debug|iPhoneSimulator
		{B6C7697D-DBCE-48CB-8524-9F0A22783EC6}.Debug|iPhoneSimulator.Build.0 = Debug|iPhoneSimulator
		{B6C7697D-DBCE-48CB-8524-9F0A22783EC6}.Release|iPhone.ActiveCfg = Release|iPhone
		{B6C7697D-DBCE-48CB-8524-9F0A22783EC6}.Release|iPhone.Build.0 = Release|iPhone
		{B6C7697D-DBCE-48CB-8524-9F0A22783EC6}.Release|iPhoneSimulator.ActiveCfg = Release|iPhoneSimulator
		{B6C7697D-DBCE-48CB-8524-9F0A22783EC6}.Release|iPhoneSimulator.Build.0 = Release|iPhoneSimulator
		{B6C7697D-DBCE-48CB-8524-9F0A22783EC6}.Debug|iPhone.ActiveCfg = Debug|iPhone
		{B6C7697D-DBCE-48CB-8524-9F0A22783EC6}.Debug|iPhone.Build.0 = Debug|iPhone
		{B6C7697D-DBCE-48CB-8524-9F0A22783EC6}.Debug|Any CPU.ActiveCfg = Debug|iPhoneSimulator
		{B6C7697D-DBCE-48CB-8524-9F0A22783EC6}.Debug|Any CPU.Build.0 = Debug|iPhoneSimulator
		{B6C7697D-DBCE-48CB-8524-9F0A22783EC6}.Release|Any CPU.ActiveCfg = Release|iPhone
		{B6C7697D-DBCE-48CB-8524-9F0A22783EC6}.Release|Any CPU.Build.0 = Release|iPhone
		{63153B59-F53B-4C2E-B811-A40618166475}.Debug|iPhoneSimulator.ActiveCfg = Debug|Any CPU
		{63153B59-F53B-4C2E-B811-A40618166475}.Debug|iPhoneSimulator.Build.0 = Debug|Any CPU
		{63153B59-F53B-4C2E-B811-A40618166475}.Release|iPhone.ActiveCfg = Release|Any CPU
		{63153B59-F53B-4C2E-B811-A40618166475}.Release|iPhone.Build.0 = Release|Any CPU
		{63153B59-F53B-4C2E-B811-A40618166475}.Release|iPhoneSimulator.ActiveCfg = Release|Any CPU
		{63153B59-F53B-4C2E-B811-A40618166475}.Release|iPhoneSimulator.Build.0 = Release|Any CPU
		{63153B59-F53B-4C2E-B811-A40618166475}.Debug|iPhone.ActiveCfg = Debug|Any CPU
		{63153B59-F53B-4C2E-B811-A40618166475}.Debug|iPhone.Build.0 = Debug|Any CPU
		{63153B59-F53B-4C2E-B811-A40618166475}.Debug|Any CPU.ActiveCfg = Debug|Any CPU
		{63153B59-F53B-4C2E-B811-A40618166475}.Debug|Any CPU.Build.0 = Debug|Any CPU
		{63153B59-F53B-4C2E-B811-A40618166475}.Release|Any CPU.ActiveCfg = Release|Any CPU
		{63153B59-F53B-4C2E-B811-A40618166475}.Release|Any CPU.Build.0 = Release|Any CPU
	EndGlobalSection
EndGlobal
